
Microsoft Visual Studio Solution File, Format Version 12.00
# Visual Studio Version 17
VisualStudioVersion = 17.2.32630.192
MinimumVisualStudioVersion = 10.0.40219.1
Project("{FAE04EC0-301F-11D3-BF4B-00C04F79EFBC}") = "7_111", "7_111\7_111.csproj", "{F6655FE5-04CF-478F-96D1-FAA9B53730A0}"
EndProject
Global
	GlobalSection(SolutionConfigurationPlatforms) = preSolution
		Debug|Any CPU = Debug|Any CPU
		Release|Any CPU = Release|Any CPU
	EndGlobalSection
	GlobalSection(ProjectConfigurationPlatforms) = postSolution
		{F6655FE5-04CF-478F-96D1-FAA9B53730A0}.Debug|Any CPU.ActiveCfg = Debug|Any CPU
		{F6655FE5-04CF-478F-96D1-FAA9B53730A0}.Debug|Any CPU.Build.0 = Debug|Any CPU
		{F6655FE5-04CF-478F-96D1-FAA9B53730A0}.Release|Any CPU.ActiveCfg = Release|Any CPU
		{F6655FE5-04CF-478F-96D1-FAA9B53730A0}.Release|Any CPU.Build.0 = Release|Any CPU
	EndGlobalSection
	GlobalSection(SolutionProperties) = preSolution
		HideSolutionNode = FALSE
	EndGlobalSection
	GlobalSection(ExtensibilityGlobals) = postSolution
		SolutionGuid = {1CD7F4CC-1C09-41D0-961D-97E5784F2C4F}
	EndGlobalSection
EndGlobal
